// !$*UTF8*$!
{
	archiveVersion = 1;
	classes = {
	};
	objectVersion = 56;
	objects = {

/* Begin PBXBuildFile section */
		E60AA6212CB71217003B5727 /* AnimationsBootcamp.swift in Sources */ = {isa = PBXBuildFile; fileRef = E60AA6202CB71217003B5727 /* AnimationsBootcamp.swift */; };
		E60AA6232CB71768003B5727 /* AnimationTimingBootcamp.swift in Sources */ = {isa = PBXBuildFile; fileRef = E60AA6222CB71767003B5727 /* AnimationTimingBootcamp.swift */; };
		E60AA6252CB71DB9003B5727 /* transitionsBootcamp.swift in Sources */ = {isa = PBXBuildFile; fileRef = E60AA6242CB71DB9003B5727 /* transitionsBootcamp.swift */; };
		E60AA6272CB720C9003B5727 /* SheetsBootcamp.swift in Sources */ = {isa = PBXBuildFile; fileRef = E60AA6262CB720C9003B5727 /* SheetsBootcamp.swift */; };
		E60AA6292CB7ACBC003B5727 /* PopOverBootcamp.swift in Sources */ = {isa = PBXBuildFile; fileRef = E60AA6282CB7ACBC003B5727 /* PopOverBootcamp.swift */; };
		E60AA62B2CB7B285003B5727 /* NavigationViewBootcamp.swift in Sources */ = {isa = PBXBuildFile; fileRef = E60AA62A2CB7B285003B5727 /* NavigationViewBootcamp.swift */; };
		E60AA62D2CB7F627003B5727 /* ListBootcamp.swift in Sources */ = {isa = PBXBuildFile; fileRef = E60AA62C2CB7F627003B5727 /* ListBootcamp.swift */; };
		E625B99B2CB07309004FD288 /* ImageBootcamp.swift in Sources */ = {isa = PBXBuildFile; fileRef = E625B99A2CB07309004FD288 /* ImageBootcamp.swift */; };
		E625B99D2CB077DB004FD288 /* FrameBootcamp.swift in Sources */ = {isa = PBXBuildFile; fileRef = E625B99C2CB077DB004FD288 /* FrameBootcamp.swift */; };
		E625B99F2CB07BD1004FD288 /* BackgroundAndOverlayBootcamp.swift in Sources */ = {isa = PBXBuildFile; fileRef = E625B99E2CB07BD1004FD288 /* BackgroundAndOverlayBootcamp.swift */; };
		E625B9A12CB088CE004FD288 /* StacksBootcamp.swift in Sources */ = {isa = PBXBuildFile; fileRef = E625B9A02CB088CE004FD288 /* StacksBootcamp.swift */; };
		E625B9A32CB0F1F9004FD288 /* PaddingAndSpacerBootcamp.swift in Sources */ = {isa = PBXBuildFile; fileRef = E625B9A22CB0F1F9004FD288 /* PaddingAndSpacerBootcamp.swift */; };
		E625B9A52CB0F627004FD288 /* SpacerBootcamp.swift in Sources */ = {isa = PBXBuildFile; fileRef = E625B9A42CB0F627004FD288 /* SpacerBootcamp.swift */; };
		E625B9A72CB0FA45004FD288 /* InitializerBootcamp.swift in Sources */ = {isa = PBXBuildFile; fileRef = E625B9A62CB0FA45004FD288 /* InitializerBootcamp.swift */; };
		E625B9A92CB10F10004FD288 /* ForEachBootcamp.swift in Sources */ = {isa = PBXBuildFile; fileRef = E625B9A82CB10F10004FD288 /* ForEachBootcamp.swift */; };
		E625B9AB2CB117C0004FD288 /* ScrollViewBootcamp.swift in Sources */ = {isa = PBXBuildFile; fileRef = E625B9AA2CB117C0004FD288 /* ScrollViewBootcamp.swift */; };
		E625B9AD2CB123A7004FD288 /* GridBootcamp.swift in Sources */ = {isa = PBXBuildFile; fileRef = E625B9AC2CB123A7004FD288 /* GridBootcamp.swift */; };
		E625B9AF2CB147A1004FD288 /* SafeAreaBootcamp.swift in Sources */ = {isa = PBXBuildFile; fileRef = E625B9AE2CB147A1004FD288 /* SafeAreaBootcamp.swift */; };
		E625B9B12CB1512D004FD288 /* ButtonsBootCamp.swift in Sources */ = {isa = PBXBuildFile; fileRef = E625B9B02CB1512D004FD288 /* ButtonsBootCamp.swift */; };
		E625B9B32CB16C5E004FD288 /* StateBootcamp.swift in Sources */ = {isa = PBXBuildFile; fileRef = E625B9B22CB16C5E004FD288 /* StateBootcamp.swift */; };
		E625B9B52CB1B013004FD288 /* ExtractedFunctions.swift in Sources */ = {isa = PBXBuildFile; fileRef = E625B9B42CB1B013004FD288 /* ExtractedFunctions.swift */; };
		E625B9B72CB277A7004FD288 /* ExtractedSubViews.swift in Sources */ = {isa = PBXBuildFile; fileRef = E625B9B62CB277A7004FD288 /* ExtractedSubViews.swift */; };
		E625B9B92CB2847B004FD288 /* BindingPropertyWrapperBootcamp.swift in Sources */ = {isa = PBXBuildFile; fileRef = E625B9B82CB2847B004FD288 /* BindingPropertyWrapperBootcamp.swift */; };
		E625B9BB2CB28D2E004FD288 /* ConditionalStatementsBootcamp.swift in Sources */ = {isa = PBXBuildFile; fileRef = E625B9BA2CB28D2E004FD288 /* ConditionalStatementsBootcamp.swift */; };
		E625B9BD2CB290D0004FD288 /* TernaryOperatorsBootcamp.swift in Sources */ = {isa = PBXBuildFile; fileRef = E625B9BC2CB290D0004FD288 /* TernaryOperatorsBootcamp.swift */; };
		E6877BE62CAEF50300D1E0F6 /* SwiftUI_Beginner_Full_PlaylistApp.swift in Sources */ = {isa = PBXBuildFile; fileRef = E6877BE52CAEF50300D1E0F6 /* SwiftUI_Beginner_Full_PlaylistApp.swift */; };
		E6877BE82CAEF50300D1E0F6 /* ContentView.swift in Sources */ = {isa = PBXBuildFile; fileRef = E6877BE72CAEF50300D1E0F6 /* ContentView.swift */; };
		E6877BEA2CAEF50400D1E0F6 /* Assets.xcassets in Resources */ = {isa = PBXBuildFile; fileRef = E6877BE92CAEF50400D1E0F6 /* Assets.xcassets */; };
		E6877BED2CAEF50400D1E0F6 /* Preview Assets.xcassets in Resources */ = {isa = PBXBuildFile; fileRef = E6877BEC2CAEF50400D1E0F6 /* Preview Assets.xcassets */; };
		E6877BF72CAEF50700D1E0F6 /* SwiftUI_Beginner_Full_PlaylistTests.swift in Sources */ = {isa = PBXBuildFile; fileRef = E6877BF62CAEF50700D1E0F6 /* SwiftUI_Beginner_Full_PlaylistTests.swift */; };
		E6877C012CAEF50700D1E0F6 /* SwiftUI_Beginner_Full_PlaylistUITests.swift in Sources */ = {isa = PBXBuildFile; fileRef = E6877C002CAEF50700D1E0F6 /* SwiftUI_Beginner_Full_PlaylistUITests.swift */; };
		E6877C032CAEF50700D1E0F6 /* SwiftUI_Beginner_Full_PlaylistUITestsLaunchTests.swift in Sources */ = {isa = PBXBuildFile; fileRef = E6877C022CAEF50700D1E0F6 /* SwiftUI_Beginner_Full_PlaylistUITestsLaunchTests.swift */; };
		E6877C102CAEF54900D1E0F6 /* TextBootcamp.swift in Sources */ = {isa = PBXBuildFile; fileRef = E6877C0F2CAEF54900D1E0F6 /* TextBootcamp.swift */; };
		E6877C122CAEFC8A00D1E0F6 /* ShapesBootcamp.swift in Sources */ = {isa = PBXBuildFile; fileRef = E6877C112CAEFC8A00D1E0F6 /* ShapesBootcamp.swift */; };
		E6877C142CAF0D7100D1E0F6 /* ColorsBootcamp.swift in Sources */ = {isa = PBXBuildFile; fileRef = E6877C132CAF0D7100D1E0F6 /* ColorsBootcamp.swift */; };
		E6877C162CAF123400D1E0F6 /* GradientBootcamp.swift in Sources */ = {isa = PBXBuildFile; fileRef = E6877C152CAF123300D1E0F6 /* GradientBootcamp.swift */; };
		E6877C182CAF186300D1E0F6 /* IconsBootcamp.swift in Sources */ = {isa = PBXBuildFile; fileRef = E6877C172CAF186300D1E0F6 /* IconsBootcamp.swift */; };
/* End PBXBuildFile section */

/* Begin PBXContainerItemProxy section */
		E6877BF32CAEF50700D1E0F6 /* PBXContainerItemProxy */ = {
			isa = PBXContainerItemProxy;
			containerPortal = E6877BDA2CAEF50300D1E0F6 /* Project object */;
			proxyType = 1;
			remoteGlobalIDString = E6877BE12CAEF50300D1E0F6;
			remoteInfo = SwiftUI_Beginner_Full_Playlist;
		};
		E6877BFD2CAEF50700D1E0F6 /* PBXContainerItemProxy */ = {
			isa = PBXContainerItemProxy;
			containerPortal = E6877BDA2CAEF50300D1E0F6 /* Project object */;
			proxyType = 1;
			remoteGlobalIDString = E6877BE12CAEF50300D1E0F6;
			remoteInfo = SwiftUI_Beginner_Full_Playlist;
		};
/* End PBXContainerItemProxy section */

/* Begin PBXFileReference section */
		E60AA6202CB71217003B5727 /* AnimationsBootcamp.swift */ = {isa = PBXFileReference; lastKnownFileType = sourcecode.swift; path = AnimationsBootcamp.swift; sourceTree = "<group>"; };
		E60AA6222CB71767003B5727 /* AnimationTimingBootcamp.swift */ = {isa = PBXFileReference; lastKnownFileType = sourcecode.swift; path = AnimationTimingBootcamp.swift; sourceTree = "<group>"; };
		E60AA6242CB71DB9003B5727 /* transitionsBootcamp.swift */ = {isa = PBXFileReference; lastKnownFileType = sourcecode.swift; path = transitionsBootcamp.swift; sourceTree = "<group>"; };
		E60AA6262CB720C9003B5727 /* SheetsBootcamp.swift */ = {isa = PBXFileReference; lastKnownFileType = sourcecode.swift; path = SheetsBootcamp.swift; sourceTree = "<group>"; };
		E60AA6282CB7ACBC003B5727 /* PopOverBootcamp.swift */ = {isa = PBXFileReference; lastKnownFileType = sourcecode.swift; path = PopOverBootcamp.swift; sourceTree = "<group>"; };
		E60AA62A2CB7B285003B5727 /* NavigationViewBootcamp.swift */ = {isa = PBXFileReference; lastKnownFileType = sourcecode.swift; path = NavigationViewBootcamp.swift; sourceTree = "<group>"; };
		E60AA62C2CB7F627003B5727 /* ListBootcamp.swift */ = {isa = PBXFileReference; lastKnownFileType = sourcecode.swift; path = ListBootcamp.swift; sourceTree = "<group>"; };
		E625B99A2CB07309004FD288 /* ImageBootcamp.swift */ = {isa = PBXFileReference; lastKnownFileType = sourcecode.swift; path = ImageBootcamp.swift; sourceTree = "<group>"; };
		E625B99C2CB077DB004FD288 /* FrameBootcamp.swift */ = {isa = PBXFileReference; lastKnownFileType = sourcecode.swift; path = FrameBootcamp.swift; sourceTree = "<group>"; };
		E625B99E2CB07BD1004FD288 /* BackgroundAndOverlayBootcamp.swift */ = {isa = PBXFileReference; lastKnownFileType = sourcecode.swift; path = BackgroundAndOverlayBootcamp.swift; sourceTree = "<group>"; };
		E625B9A02CB088CE004FD288 /* StacksBootcamp.swift */ = {isa = PBXFileReference; lastKnownFileType = sourcecode.swift; path = StacksBootcamp.swift; sourceTree = "<group>"; };
		E625B9A22CB0F1F9004FD288 /* PaddingAndSpacerBootcamp.swift */ = {isa = PBXFileReference; lastKnownFileType = sourcecode.swift; path = PaddingAndSpacerBootcamp.swift; sourceTree = "<group>"; };
		E625B9A42CB0F627004FD288 /* SpacerBootcamp.swift */ = {isa = PBXFileReference; lastKnownFileType = sourcecode.swift; path = SpacerBootcamp.swift; sourceTree = "<group>"; };
		E625B9A62CB0FA45004FD288 /* InitializerBootcamp.swift */ = {isa = PBXFileReference; lastKnownFileType = sourcecode.swift; path = InitializerBootcamp.swift; sourceTree = "<group>"; };
		E625B9A82CB10F10004FD288 /* ForEachBootcamp.swift */ = {isa = PBXFileReference; lastKnownFileType = sourcecode.swift; path = ForEachBootcamp.swift; sourceTree = "<group>"; };
		E625B9AA2CB117C0004FD288 /* ScrollViewBootcamp.swift */ = {isa = PBXFileReference; lastKnownFileType = sourcecode.swift; path = ScrollViewBootcamp.swift; sourceTree = "<group>"; };
		E625B9AC2CB123A7004FD288 /* GridBootcamp.swift */ = {isa = PBXFileReference; lastKnownFileType = sourcecode.swift; path = GridBootcamp.swift; sourceTree = "<group>"; };
		E625B9AE2CB147A1004FD288 /* SafeAreaBootcamp.swift */ = {isa = PBXFileReference; lastKnownFileType = sourcecode.swift; path = SafeAreaBootcamp.swift; sourceTree = "<group>"; };
		E625B9B02CB1512D004FD288 /* ButtonsBootCamp.swift */ = {isa = PBXFileReference; lastKnownFileType = sourcecode.swift; path = ButtonsBootCamp.swift; sourceTree = "<group>"; };
		E625B9B22CB16C5E004FD288 /* StateBootcamp.swift */ = {isa = PBXFileReference; lastKnownFileType = sourcecode.swift; path = StateBootcamp.swift; sourceTree = "<group>"; };
		E625B9B42CB1B013004FD288 /* ExtractedFunctions.swift */ = {isa = PBXFileReference; lastKnownFileType = sourcecode.swift; path = ExtractedFunctions.swift; sourceTree = "<group>"; };
		E625B9B62CB277A7004FD288 /* ExtractedSubViews.swift */ = {isa = PBXFileReference; lastKnownFileType = sourcecode.swift; path = ExtractedSubViews.swift; sourceTree = "<group>"; };
		E625B9B82CB2847B004FD288 /* BindingPropertyWrapperBootcamp.swift */ = {isa = PBXFileReference; lastKnownFileType = sourcecode.swift; path = BindingPropertyWrapperBootcamp.swift; sourceTree = "<group>"; };
		E625B9BA2CB28D2E004FD288 /* ConditionalStatementsBootcamp.swift */ = {isa = PBXFileReference; lastKnownFileType = sourcecode.swift; path = ConditionalStatementsBootcamp.swift; sourceTree = "<group>"; };
		E625B9BC2CB290D0004FD288 /* TernaryOperatorsBootcamp.swift */ = {isa = PBXFileReference; lastKnownFileType = sourcecode.swift; path = TernaryOperatorsBootcamp.swift; sourceTree = "<group>"; };
		E6877BE22CAEF50300D1E0F6 /* SwiftUI_Beginner_Full_Playlist.app */ = {isa = PBXFileReference; explicitFileType = wrapper.application; includeInIndex = 0; path = SwiftUI_Beginner_Full_Playlist.app; sourceTree = BUILT_PRODUCTS_DIR; };
		E6877BE52CAEF50300D1E0F6 /* SwiftUI_Beginner_Full_PlaylistApp.swift */ = {isa = PBXFileReference; lastKnownFileType = sourcecode.swift; path = SwiftUI_Beginner_Full_PlaylistApp.swift; sourceTree = "<group>"; };
		E6877BE72CAEF50300D1E0F6 /* ContentView.swift */ = {isa = PBXFileReference; lastKnownFileType = sourcecode.swift; path = ContentView.swift; sourceTree = "<group>"; };
		E6877BE92CAEF50400D1E0F6 /* Assets.xcassets */ = {isa = PBXFileReference; lastKnownFileType = folder.assetcatalog; path = Assets.xcassets; sourceTree = "<group>"; };
		E6877BEC2CAEF50400D1E0F6 /* Preview Assets.xcassets */ = {isa = PBXFileReference; lastKnownFileType = folder.assetcatalog; path = "Preview Assets.xcassets"; sourceTree = "<group>"; };
		E6877BF22CAEF50700D1E0F6 /* SwiftUI_Beginner_Full_PlaylistTests.xctest */ = {isa = PBXFileReference; explicitFileType = wrapper.cfbundle; includeInIndex = 0; path = SwiftUI_Beginner_Full_PlaylistTests.xctest; sourceTree = BUILT_PRODUCTS_DIR; };
		E6877BF62CAEF50700D1E0F6 /* SwiftUI_Beginner_Full_PlaylistTests.swift */ = {isa = PBXFileReference; lastKnownFileType = sourcecode.swift; path = SwiftUI_Beginner_Full_PlaylistTests.swift; sourceTree = "<group>"; };
		E6877BFC2CAEF50700D1E0F6 /* SwiftUI_Beginner_Full_PlaylistUITests.xctest */ = {isa = PBXFileReference; explicitFileType = wrapper.cfbundle; includeInIndex = 0; path = SwiftUI_Beginner_Full_PlaylistUITests.xctest; sourceTree = BUILT_PRODUCTS_DIR; };
		E6877C002CAEF50700D1E0F6 /* SwiftUI_Beginner_Full_PlaylistUITests.swift */ = {isa = PBXFileReference; lastKnownFileType = sourcecode.swift; path = SwiftUI_Beginner_Full_PlaylistUITests.swift; sourceTree = "<group>"; };
		E6877C022CAEF50700D1E0F6 /* SwiftUI_Beginner_Full_PlaylistUITestsLaunchTests.swift */ = {isa = PBXFileReference; lastKnownFileType = sourcecode.swift; path = SwiftUI_Beginner_Full_PlaylistUITestsLaunchTests.swift; sourceTree = "<group>"; };
		E6877C0F2CAEF54900D1E0F6 /* TextBootcamp.swift */ = {isa = PBXFileReference; lastKnownFileType = sourcecode.swift; path = TextBootcamp.swift; sourceTree = "<group>"; };
		E6877C112CAEFC8A00D1E0F6 /* ShapesBootcamp.swift */ = {isa = PBXFileReference; lastKnownFileType = sourcecode.swift; path = ShapesBootcamp.swift; sourceTree = "<group>"; };
		E6877C132CAF0D7100D1E0F6 /* ColorsBootcamp.swift */ = {isa = PBXFileReference; lastKnownFileType = sourcecode.swift; path = ColorsBootcamp.swift; sourceTree = "<group>"; };
		E6877C152CAF123300D1E0F6 /* GradientBootcamp.swift */ = {isa = PBXFileReference; lastKnownFileType = sourcecode.swift; path = GradientBootcamp.swift; sourceTree = "<group>"; };
		E6877C172CAF186300D1E0F6 /* IconsBootcamp.swift */ = {isa = PBXFileReference; lastKnownFileType = sourcecode.swift; path = IconsBootcamp.swift; sourceTree = "<group>"; };
/* End PBXFileReference section */

/* Begin PBXFrameworksBuildPhase section */
		E6877BDF2CAEF50300D1E0F6 /* Frameworks */ = {
			isa = PBXFrameworksBuildPhase;
			buildActionMask = 2147483647;
			files = (
			);
			runOnlyForDeploymentPostprocessing = 0;
		};
		E6877BEF2CAEF50700D1E0F6 /* Frameworks */ = {
			isa = PBXFrameworksBuildPhase;
			buildActionMask = 2147483647;
			files = (
			);
			runOnlyForDeploymentPostprocessing = 0;
		};
		E6877BF92CAEF50700D1E0F6 /* Frameworks */ = {
			isa = PBXFrameworksBuildPhase;
			buildActionMask = 2147483647;
			files = (
			);
			runOnlyForDeploymentPostprocessing = 0;
		};
/* End PBXFrameworksBuildPhase section */

/* Begin PBXGroup section */
		E6877BD92CAEF50300D1E0F6 = {
			isa = PBXGroup;
			children = (
				E6877BE42CAEF50300D1E0F6 /* SwiftUI_Beginner_Full_Playlist */,
				E6877BF52CAEF50700D1E0F6 /* SwiftUI_Beginner_Full_PlaylistTests */,
				E6877BFF2CAEF50700D1E0F6 /* SwiftUI_Beginner_Full_PlaylistUITests */,
				E6877BE32CAEF50300D1E0F6 /* Products */,
			);
			sourceTree = "<group>";
		};
		E6877BE32CAEF50300D1E0F6 /* Products */ = {
			isa = PBXGroup;
			children = (
				E6877BE22CAEF50300D1E0F6 /* SwiftUI_Beginner_Full_Playlist.app */,
				E6877BF22CAEF50700D1E0F6 /* SwiftUI_Beginner_Full_PlaylistTests.xctest */,
				E6877BFC2CAEF50700D1E0F6 /* SwiftUI_Beginner_Full_PlaylistUITests.xctest */,
			);
			name = Products;
			sourceTree = "<group>";
		};
		E6877BE42CAEF50300D1E0F6 /* SwiftUI_Beginner_Full_Playlist */ = {
			isa = PBXGroup;
			children = (
				E6877BE52CAEF50300D1E0F6 /* SwiftUI_Beginner_Full_PlaylistApp.swift */,
				E6877BE72CAEF50300D1E0F6 /* ContentView.swift */,
				E6877C0F2CAEF54900D1E0F6 /* TextBootcamp.swift */,
				E6877C112CAEFC8A00D1E0F6 /* ShapesBootcamp.swift */,
				E6877C132CAF0D7100D1E0F6 /* ColorsBootcamp.swift */,
				E6877C152CAF123300D1E0F6 /* GradientBootcamp.swift */,
				E6877C172CAF186300D1E0F6 /* IconsBootcamp.swift */,
				E625B99A2CB07309004FD288 /* ImageBootcamp.swift */,
				E625B99C2CB077DB004FD288 /* FrameBootcamp.swift */,
				E625B99E2CB07BD1004FD288 /* BackgroundAndOverlayBootcamp.swift */,
				E625B9A22CB0F1F9004FD288 /* PaddingAndSpacerBootcamp.swift */,
				E625B9A42CB0F627004FD288 /* SpacerBootcamp.swift */,
				E625B9A02CB088CE004FD288 /* StacksBootcamp.swift */,
				E625B9A62CB0FA45004FD288 /* InitializerBootcamp.swift */,
				E625B9A82CB10F10004FD288 /* ForEachBootcamp.swift */,
				E625B9AA2CB117C0004FD288 /* ScrollViewBootcamp.swift */,
				E625B9AC2CB123A7004FD288 /* GridBootcamp.swift */,
				E625B9AE2CB147A1004FD288 /* SafeAreaBootcamp.swift */,
				E625B9B02CB1512D004FD288 /* ButtonsBootCamp.swift */,
				E625B9B22CB16C5E004FD288 /* StateBootcamp.swift */,
				E625B9B42CB1B013004FD288 /* ExtractedFunctions.swift */,
				E625B9B62CB277A7004FD288 /* ExtractedSubViews.swift */,
				E625B9B82CB2847B004FD288 /* BindingPropertyWrapperBootcamp.swift */,
				E625B9BA2CB28D2E004FD288 /* ConditionalStatementsBootcamp.swift */,
				E625B9BC2CB290D0004FD288 /* TernaryOperatorsBootcamp.swift */,
				E60AA6202CB71217003B5727 /* AnimationsBootcamp.swift */,
				E60AA6222CB71767003B5727 /* AnimationTimingBootcamp.swift */,
				E60AA6242CB71DB9003B5727 /* transitionsBootcamp.swift */,
				E60AA6262CB720C9003B5727 /* SheetsBootcamp.swift */,
				E60AA6282CB7ACBC003B5727 /* PopOverBootcamp.swift */,
				E60AA62A2CB7B285003B5727 /* NavigationViewBootcamp.swift */,
				E60AA62C2CB7F627003B5727 /* ListBootcamp.swift */,
				E6877BE92CAEF50400D1E0F6 /* Assets.xcassets */,
				E6877BEB2CAEF50400D1E0F6 /* Preview Content */,
			);
			path = SwiftUI_Beginner_Full_Playlist;
			sourceTree = "<group>";
		};
		E6877BEB2CAEF50400D1E0F6 /* Preview Content */ = {
			isa = PBXGroup;
			children = (
				E6877BEC2CAEF50400D1E0F6 /* Preview Assets.xcassets */,
			);
			path = "Preview Content";
			sourceTree = "<group>";
		};
		E6877BF52CAEF50700D1E0F6 /* SwiftUI_Beginner_Full_PlaylistTests */ = {
			isa = PBXGroup;
			children = (
				E6877BF62CAEF50700D1E0F6 /* SwiftUI_Beginner_Full_PlaylistTests.swift */,
			);
			path = SwiftUI_Beginner_Full_PlaylistTests;
			sourceTree = "<group>";
		};
		E6877BFF2CAEF50700D1E0F6 /* SwiftUI_Beginner_Full_PlaylistUITests */ = {
			isa = PBXGroup;
			children = (
				E6877C002CAEF50700D1E0F6 /* SwiftUI_Beginner_Full_PlaylistUITests.swift */,
				E6877C022CAEF50700D1E0F6 /* SwiftUI_Beginner_Full_PlaylistUITestsLaunchTests.swift */,
			);
			path = SwiftUI_Beginner_Full_PlaylistUITests;
			sourceTree = "<group>";
		};
/* End PBXGroup section */

/* Begin PBXNativeTarget section */
		E6877BE12CAEF50300D1E0F6 /* SwiftUI_Beginner_Full_Playlist */ = {
			isa = PBXNativeTarget;
			buildConfigurationList = E6877C062CAEF50700D1E0F6 /* Build configuration list for PBXNativeTarget "SwiftUI_Beginner_Full_Playlist" */;
			buildPhases = (
				E6877BDE2CAEF50300D1E0F6 /* Sources */,
				E6877BDF2CAEF50300D1E0F6 /* Frameworks */,
				E6877BE02CAEF50300D1E0F6 /* Resources */,
			);
			buildRules = (
			);
			dependencies = (
			);
			name = SwiftUI_Beginner_Full_Playlist;
			productName = SwiftUI_Beginner_Full_Playlist;
			productReference = E6877BE22CAEF50300D1E0F6 /* SwiftUI_Beginner_Full_Playlist.app */;
			productType = "com.apple.product-type.application";
		};
		E6877BF12CAEF50700D1E0F6 /* SwiftUI_Beginner_Full_PlaylistTests */ = {
			isa = PBXNativeTarget;
			buildConfigurationList = E6877C092CAEF50700D1E0F6 /* Build configuration list for PBXNativeTarget "SwiftUI_Beginner_Full_PlaylistTests" */;
			buildPhases = (
				E6877BEE2CAEF50700D1E0F6 /* Sources */,
				E6877BEF2CAEF50700D1E0F6 /* Frameworks */,
				E6877BF02CAEF50700D1E0F6 /* Resources */,
			);
			buildRules = (
			);
			dependencies = (
				E6877BF42CAEF50700D1E0F6 /* PBXTargetDependency */,
			);
			name = SwiftUI_Beginner_Full_PlaylistTests;
			productName = SwiftUI_Beginner_Full_PlaylistTests;
			productReference = E6877BF22CAEF50700D1E0F6 /* SwiftUI_Beginner_Full_PlaylistTests.xctest */;
			productType = "com.apple.product-type.bundle.unit-test";
		};
		E6877BFB2CAEF50700D1E0F6 /* SwiftUI_Beginner_Full_PlaylistUITests */ = {
			isa = PBXNativeTarget;
			buildConfigurationList = E6877C0C2CAEF50700D1E0F6 /* Build configuration list for PBXNativeTarget "SwiftUI_Beginner_Full_PlaylistUITests" */;
			buildPhases = (
				E6877BF82CAEF50700D1E0F6 /* Sources */,
				E6877BF92CAEF50700D1E0F6 /* Frameworks */,
				E6877BFA2CAEF50700D1E0F6 /* Resources */,
			);
			buildRules = (
			);
			dependencies = (
				E6877BFE2CAEF50700D1E0F6 /* PBXTargetDependency */,
			);
			name = SwiftUI_Beginner_Full_PlaylistUITests;
			productName = SwiftUI_Beginner_Full_PlaylistUITests;
			productReference = E6877BFC2CAEF50700D1E0F6 /* SwiftUI_Beginner_Full_PlaylistUITests.xctest */;
			productType = "com.apple.product-type.bundle.ui-testing";
		};
/* End PBXNativeTarget section */

/* Begin PBXProject section */
		E6877BDA2CAEF50300D1E0F6 /* Project object */ = {
			isa = PBXProject;
			attributes = {
				BuildIndependentTargetsInParallel = 1;
				LastSwiftUpdateCheck = 1540;
				LastUpgradeCheck = 1540;
				TargetAttributes = {
					E6877BE12CAEF50300D1E0F6 = {
						CreatedOnToolsVersion = 15.4;
					};
					E6877BF12CAEF50700D1E0F6 = {
						CreatedOnToolsVersion = 15.4;
						TestTargetID = E6877BE12CAEF50300D1E0F6;
					};
					E6877BFB2CAEF50700D1E0F6 = {
						CreatedOnToolsVersion = 15.4;
						TestTargetID = E6877BE12CAEF50300D1E0F6;
					};
				};
			};
			buildConfigurationList = E6877BDD2CAEF50300D1E0F6 /* Build configuration list for PBXProject "SwiftUI_Beginner_Full_Playlist" */;
			compatibilityVersion = "Xcode 14.0";
			developmentRegion = en;
			hasScannedForEncodings = 0;
			knownRegions = (
				en,
				Base,
			);
			mainGroup = E6877BD92CAEF50300D1E0F6;
			productRefGroup = E6877BE32CAEF50300D1E0F6 /* Products */;
			projectDirPath = "";
			projectRoot = "";
			targets = (
				E6877BE12CAEF50300D1E0F6 /* SwiftUI_Beginner_Full_Playlist */,
				E6877BF12CAEF50700D1E0F6 /* SwiftUI_Beginner_Full_PlaylistTests */,
				E6877BFB2CAEF50700D1E0F6 /* SwiftUI_Beginner_Full_PlaylistUITests */,
			);
		};
/* End PBXProject section */

/* Begin PBXResourcesBuildPhase section */
		E6877BE02CAEF50300D1E0F6 /* Resources */ = {
			isa = PBXResourcesBuildPhase;
			buildActionMask = 2147483647;
			files = (
				E6877BED2CAEF50400D1E0F6 /* Preview Assets.xcassets in Resources */,
				E6877BEA2CAEF50400D1E0F6 /* Assets.xcassets in Resources */,
			);
			runOnlyForDeploymentPostprocessing = 0;
		};
		E6877BF02CAEF50700D1E0F6 /* Resources */ = {
			isa = PBXResourcesBuildPhase;
			buildActionMask = 2147483647;
			files = (
			);
			runOnlyForDeploymentPostprocessing = 0;
		};
		E6877BFA2CAEF50700D1E0F6 /* Resources */ = {
			isa = PBXResourcesBuildPhase;
			buildActionMask = 2147483647;
			files = (
			);
			runOnlyForDeploymentPostprocessing = 0;
		};
/* End PBXResourcesBuildPhase section */

/* Begin PBXSourcesBuildPhase section */
		E6877BDE2CAEF50300D1E0F6 /* Sources */ = {
			isa = PBXSourcesBuildPhase;
			buildActionMask = 2147483647;
			files = (
				E60AA6272CB720C9003B5727 /* SheetsBootcamp.swift in Sources */,
				E625B9B32CB16C5E004FD288 /* StateBootcamp.swift in Sources */,
				E60AA6232CB71768003B5727 /* AnimationTimingBootcamp.swift in Sources */,
				E6877C142CAF0D7100D1E0F6 /* ColorsBootcamp.swift in Sources */,
				E625B99F2CB07BD1004FD288 /* BackgroundAndOverlayBootcamp.swift in Sources */,
				E625B9AB2CB117C0004FD288 /* ScrollViewBootcamp.swift in Sources */,
				E625B9A32CB0F1F9004FD288 /* PaddingAndSpacerBootcamp.swift in Sources */,
				E6877C122CAEFC8A00D1E0F6 /* ShapesBootcamp.swift in Sources */,
				E60AA6252CB71DB9003B5727 /* transitionsBootcamp.swift in Sources */,
				E625B9BD2CB290D0004FD288 /* TernaryOperatorsBootcamp.swift in Sources */,
				E60AA6292CB7ACBC003B5727 /* PopOverBootcamp.swift in Sources */,
				E625B9B72CB277A7004FD288 /* ExtractedSubViews.swift in Sources */,
				E625B99D2CB077DB004FD288 /* FrameBootcamp.swift in Sources */,
				E625B9A72CB0FA45004FD288 /* InitializerBootcamp.swift in Sources */,
				E6877BE82CAEF50300D1E0F6 /* ContentView.swift in Sources */,
				E625B9AF2CB147A1004FD288 /* SafeAreaBootcamp.swift in Sources */,
				E625B9B52CB1B013004FD288 /* ExtractedFunctions.swift in Sources */,
				E6877C102CAEF54900D1E0F6 /* TextBootcamp.swift in Sources */,
				E625B9B92CB2847B004FD288 /* BindingPropertyWrapperBootcamp.swift in Sources */,
				E625B9A92CB10F10004FD288 /* ForEachBootcamp.swift in Sources */,
				E6877C162CAF123400D1E0F6 /* GradientBootcamp.swift in Sources */,
				E60AA6212CB71217003B5727 /* AnimationsBootcamp.swift in Sources */,
				E6877BE62CAEF50300D1E0F6 /* SwiftUI_Beginner_Full_PlaylistApp.swift in Sources */,
				E625B9A12CB088CE004FD288 /* StacksBootcamp.swift in Sources */,
				E625B9A52CB0F627004FD288 /* SpacerBootcamp.swift in Sources */,
				E625B9AD2CB123A7004FD288 /* GridBootcamp.swift in Sources */,
				E625B99B2CB07309004FD288 /* ImageBootcamp.swift in Sources */,
				E60AA62B2CB7B285003B5727 /* NavigationViewBootcamp.swift in Sources */,
				E6877C182CAF186300D1E0F6 /* IconsBootcamp.swift in Sources */,
				E625B9B12CB1512D004FD288 /* ButtonsBootCamp.swift in Sources */,
				E60AA62D2CB7F627003B5727 /* ListBootcamp.swift in Sources */,
				E625B9BB2CB28D2E004FD288 /* ConditionalStatementsBootcamp.swift in Sources */,
			);
			runOnlyForDeploymentPostprocessing = 0;
		};
		E6877BEE2CAEF50700D1E0F6 /* Sources */ = {
			isa = PBXSourcesBuildPhase;
			buildActionMask = 2147483647;
			files = (
				E6877BF72CAEF50700D1E0F6 /* SwiftUI_Beginner_Full_PlaylistTests.swift in Sources */,
			);
			runOnlyForDeploymentPostprocessing = 0;
		};
		E6877BF82CAEF50700D1E0F6 /* Sources */ = {
			isa = PBXSourcesBuildPhase;
			buildActionMask = 2147483647;
			files = (
				E6877C012CAEF50700D1E0F6 /* SwiftUI_Beginner_Full_PlaylistUITests.swift in Sources */,
				E6877C032CAEF50700D1E0F6 /* SwiftUI_Beginner_Full_PlaylistUITestsLaunchTests.swift in Sources */,
			);
			runOnlyForDeploymentPostprocessing = 0;
		};
/* End PBXSourcesBuildPhase section */

/* Begin PBXTargetDependency section */
		E6877BF42CAEF50700D1E0F6 /* PBXTargetDependency */ = {
			isa = PBXTargetDependency;
			target = E6877BE12CAEF50300D1E0F6 /* SwiftUI_Beginner_Full_Playlist */;
			targetProxy = E6877BF32CAEF50700D1E0F6 /* PBXContainerItemProxy */;
		};
		E6877BFE2CAEF50700D1E0F6 /* PBXTargetDependency */ = {
			isa = PBXTargetDependency;
			target = E6877BE12CAEF50300D1E0F6 /* SwiftUI_Beginner_Full_Playlist */;
			targetProxy = E6877BFD2CAEF50700D1E0F6 /* PBXContainerItemProxy */;
		};
/* End PBXTargetDependency section */

/* Begin XCBuildConfiguration section */
		E6877C042CAEF50700D1E0F6 /* Debug */ = {
			isa = XCBuildConfiguration;
			buildSettings = {
				ALWAYS_SEARCH_USER_PATHS = NO;
				ASSETCATALOG_COMPILER_GENERATE_SWIFT_ASSET_SYMBOL_EXTENSIONS = YES;
				CLANG_ANALYZER_NONNULL = YES;
				CLANG_ANALYZER_NUMBER_OBJECT_CONVERSION = YES_AGGRESSIVE;
				CLANG_CXX_LANGUAGE_STANDARD = "gnu++20";
				CLANG_ENABLE_MODULES = YES;
				CLANG_ENABLE_OBJC_ARC = YES;
				CLANG_ENABLE_OBJC_WEAK = YES;
				CLANG_WARN_BLOCK_CAPTURE_AUTORELEASING = YES;
				CLANG_WARN_BOOL_CONVERSION = YES;
				CLANG_WARN_COMMA = YES;
				CLANG_WARN_CONSTANT_CONVERSION = YES;
				CLANG_WARN_DEPRECATED_OBJC_IMPLEMENTATIONS = YES;
				CLANG_WARN_DIRECT_OBJC_ISA_USAGE = YES_ERROR;
				CLANG_WARN_DOCUMENTATION_COMMENTS = YES;
				CLANG_WARN_EMPTY_BODY = YES;
				CLANG_WARN_ENUM_CONVERSION = YES;
				CLANG_WARN_INFINITE_RECURSION = YES;
				CLANG_WARN_INT_CONVERSION = YES;
				CLANG_WARN_NON_LITERAL_NULL_CONVERSION = YES;
				CLANG_WARN_OBJC_IMPLICIT_RETAIN_SELF = YES;
				CLANG_WARN_OBJC_LITERAL_CONVERSION = YES;
				CLANG_WARN_OBJC_ROOT_CLASS = YES_ERROR;
				CLANG_WARN_QUOTED_INCLUDE_IN_FRAMEWORK_HEADER = YES;
				CLANG_WARN_RANGE_LOOP_ANALYSIS = YES;
				CLANG_WARN_STRICT_PROTOTYPES = YES;
				CLANG_WARN_SUSPICIOUS_MOVE = YES;
				CLANG_WARN_UNGUARDED_AVAILABILITY = YES_AGGRESSIVE;
				CLANG_WARN_UNREACHABLE_CODE = YES;
				CLANG_WARN__DUPLICATE_METHOD_MATCH = YES;
				COPY_PHASE_STRIP = NO;
				DEBUG_INFORMATION_FORMAT = dwarf;
				ENABLE_STRICT_OBJC_MSGSEND = YES;
				ENABLE_TESTABILITY = YES;
				ENABLE_USER_SCRIPT_SANDBOXING = YES;
				GCC_C_LANGUAGE_STANDARD = gnu17;
				GCC_DYNAMIC_NO_PIC = NO;
				GCC_NO_COMMON_BLOCKS = YES;
				GCC_OPTIMIZATION_LEVEL = 0;
				GCC_PREPROCESSOR_DEFINITIONS = (
					"DEBUG=1",
					"$(inherited)",
				);
				GCC_WARN_64_TO_32_BIT_CONVERSION = YES;
				GCC_WARN_ABOUT_RETURN_TYPE = YES_ERROR;
				GCC_WARN_UNDECLARED_SELECTOR = YES;
				GCC_WARN_UNINITIALIZED_AUTOS = YES_AGGRESSIVE;
				GCC_WARN_UNUSED_FUNCTION = YES;
				GCC_WARN_UNUSED_VARIABLE = YES;
				IPHONEOS_DEPLOYMENT_TARGET = 17.5;
				LOCALIZATION_PREFERS_STRING_CATALOGS = YES;
				MTL_ENABLE_DEBUG_INFO = INCLUDE_SOURCE;
				MTL_FAST_MATH = YES;
				ONLY_ACTIVE_ARCH = YES;
				SDKROOT = iphoneos;
				SWIFT_ACTIVE_COMPILATION_CONDITIONS = "DEBUG $(inherited)";
				SWIFT_OPTIMIZATION_LEVEL = "-Onone";
			};
			name = Debug;
		};
		E6877C052CAEF50700D1E0F6 /* Release */ = {
			isa = XCBuildConfiguration;
			buildSettings = {
				ALWAYS_SEARCH_USER_PATHS = NO;
				ASSETCATALOG_COMPILER_GENERATE_SWIFT_ASSET_SYMBOL_EXTENSIONS = YES;
				CLANG_ANALYZER_NONNULL = YES;
				CLANG_ANALYZER_NUMBER_OBJECT_CONVERSION = YES_AGGRESSIVE;
				CLANG_CXX_LANGUAGE_STANDARD = "gnu++20";
				CLANG_ENABLE_MODULES = YES;
				CLANG_ENABLE_OBJC_ARC = YES;
				CLANG_ENABLE_OBJC_WEAK = YES;
				CLANG_WARN_BLOCK_CAPTURE_AUTORELEASING = YES;
				CLANG_WARN_BOOL_CONVERSION = YES;
				CLANG_WARN_COMMA = YES;
				CLANG_WARN_CONSTANT_CONVERSION = YES;
				CLANG_WARN_DEPRECATED_OBJC_IMPLEMENTATIONS = YES;
				CLANG_WARN_DIRECT_OBJC_ISA_USAGE = YES_ERROR;
				CLANG_WARN_DOCUMENTATION_COMMENTS = YES;
				CLANG_WARN_EMPTY_BODY = YES;
				CLANG_WARN_ENUM_CONVERSION = YES;
				CLANG_WARN_INFINITE_RECURSION = YES;
				CLANG_WARN_INT_CONVERSION = YES;
				CLANG_WARN_NON_LITERAL_NULL_CONVERSION = YES;
				CLANG_WARN_OBJC_IMPLICIT_RETAIN_SELF = YES;
				CLANG_WARN_OBJC_LITERAL_CONVERSION = YES;
				CLANG_WARN_OBJC_ROOT_CLASS = YES_ERROR;
				CLANG_WARN_QUOTED_INCLUDE_IN_FRAMEWORK_HEADER = YES;
				CLANG_WARN_RANGE_LOOP_ANALYSIS = YES;
				CLANG_WARN_STRICT_PROTOTYPES = YES;
				CLANG_WARN_SUSPICIOUS_MOVE = YES;
				CLANG_WARN_UNGUARDED_AVAILABILITY = YES_AGGRESSIVE;
				CLANG_WARN_UNREACHABLE_CODE = YES;
				CLANG_WARN__DUPLICATE_METHOD_MATCH = YES;
				COPY_PHASE_STRIP = NO;
				DEBUG_INFORMATION_FORMAT = "dwarf-with-dsym";
				ENABLE_NS_ASSERTIONS = NO;
				ENABLE_STRICT_OBJC_MSGSEND = YES;
				ENABLE_USER_SCRIPT_SANDBOXING = YES;
				GCC_C_LANGUAGE_STANDARD = gnu17;
				GCC_NO_COMMON_BLOCKS = YES;
				GCC_WARN_64_TO_32_BIT_CONVERSION = YES;
				GCC_WARN_ABOUT_RETURN_TYPE = YES_ERROR;
				GCC_WARN_UNDECLARED_SELECTOR = YES;
				GCC_WARN_UNINITIALIZED_AUTOS = YES_AGGRESSIVE;
				GCC_WARN_UNUSED_FUNCTION = YES;
				GCC_WARN_UNUSED_VARIABLE = YES;
				IPHONEOS_DEPLOYMENT_TARGET = 17.5;
				LOCALIZATION_PREFERS_STRING_CATALOGS = YES;
				MTL_ENABLE_DEBUG_INFO = NO;
				MTL_FAST_MATH = YES;
				SDKROOT = iphoneos;
				SWIFT_COMPILATION_MODE = wholemodule;
				VALIDATE_PRODUCT = YES;
			};
			name = Release;
		};
		E6877C072CAEF50700D1E0F6 /* Debug */ = {
			isa = XCBuildConfiguration;
			buildSettings = {
				ASSETCATALOG_COMPILER_APPICON_NAME = AppIcon;
				ASSETCATALOG_COMPILER_GLOBAL_ACCENT_COLOR_NAME = AccentColor;
				CODE_SIGN_STYLE = Automatic;
				CURRENT_PROJECT_VERSION = 1;
				DEVELOPMENT_ASSET_PATHS = "\"SwiftUI_Beginner_Full_Playlist/Preview Content\"";
				ENABLE_PREVIEWS = YES;
				GENERATE_INFOPLIST_FILE = YES;
				INFOPLIST_KEY_UIApplicationSceneManifest_Generation = YES;
				INFOPLIST_KEY_UIApplicationSupportsIndirectInputEvents = YES;
				INFOPLIST_KEY_UILaunchScreen_Generation = YES;
				INFOPLIST_KEY_UISupportedInterfaceOrientations_iPad = "UIInterfaceOrientationPortrait UIInterfaceOrientationPortraitUpsideDown UIInterfaceOrientationLandscapeLeft UIInterfaceOrientationLandscapeRight";
				INFOPLIST_KEY_UISupportedInterfaceOrientations_iPhone = "UIInterfaceOrientationPortrait UIInterfaceOrientationLandscapeLeft UIInterfaceOrientationLandscapeRight";
				LD_RUNPATH_SEARCH_PATHS = (
					"$(inherited)",
					"@executable_path/Frameworks",
				);
				MARKETING_VERSION = 1.0;
				PRODUCT_BUNDLE_IDENTIFIER = "com.carrington.SwiftUI-Beginner-Full-Playlist";
				PRODUCT_NAME = "$(TARGET_NAME)";
				SWIFT_EMIT_LOC_STRINGS = YES;
				SWIFT_VERSION = 5.0;
				TARGETED_DEVICE_FAMILY = "1,2";
			};
			name = Debug;
		};
		E6877C082CAEF50700D1E0F6 /* Release */ = {
			isa = XCBuildConfiguration;
			buildSettings = {
				ASSETCATALOG_COMPILER_APPICON_NAME = AppIcon;
				ASSETCATALOG_COMPILER_GLOBAL_ACCENT_COLOR_NAME = AccentColor;
				CODE_SIGN_STYLE = Automatic;
				CURRENT_PROJECT_VERSION = 1;
				DEVELOPMENT_ASSET_PATHS = "\"SwiftUI_Beginner_Full_Playlist/Preview Content\"";
				ENABLE_PREVIEWS = YES;
				GENERATE_INFOPLIST_FILE = YES;
				INFOPLIST_KEY_UIApplicationSceneManifest_Generation = YES;
				INFOPLIST_KEY_UIApplicationSupportsIndirectInputEvents = YES;
				INFOPLIST_KEY_UILaunchScreen_Generation = YES;
				INFOPLIST_KEY_UISupportedInterfaceOrientations_iPad = "UIInterfaceOrientationPortrait UIInterfaceOrientationPortraitUpsideDown UIInterfaceOrientationLandscapeLeft UIInterfaceOrientationLandscapeRight";
				INFOPLIST_KEY_UISupportedInterfaceOrientations_iPhone = "UIInterfaceOrientationPortrait UIInterfaceOrientationLandscapeLeft UIInterfaceOrientationLandscapeRight";
				LD_RUNPATH_SEARCH_PATHS = (
					"$(inherited)",
					"@executable_path/Frameworks",
				);
				MARKETING_VERSION = 1.0;
				PRODUCT_BUNDLE_IDENTIFIER = "com.carrington.SwiftUI-Beginner-Full-Playlist";
				PRODUCT_NAME = "$(TARGET_NAME)";
				SWIFT_EMIT_LOC_STRINGS = YES;
				SWIFT_VERSION = 5.0;
				TARGETED_DEVICE_FAMILY = "1,2";
			};
			name = Release;
		};
		E6877C0A2CAEF50700D1E0F6 /* Debug */ = {
			isa = XCBuildConfiguration;
			buildSettings = {
				ALWAYS_EMBED_SWIFT_STANDARD_LIBRARIES = YES;
				BUNDLE_LOADER = "$(TEST_HOST)";
				CODE_SIGN_STYLE = Automatic;
				CURRENT_PROJECT_VERSION = 1;
				GENERATE_INFOPLIST_FILE = YES;
				IPHONEOS_DEPLOYMENT_TARGET = 17.5;
				MARKETING_VERSION = 1.0;
				PRODUCT_BUNDLE_IDENTIFIER = "com.carrington.SwiftUI-Beginner-Full-PlaylistTests";
				PRODUCT_NAME = "$(TARGET_NAME)";
				SWIFT_EMIT_LOC_STRINGS = NO;
				SWIFT_VERSION = 5.0;
				TARGETED_DEVICE_FAMILY = "1,2";
				TEST_HOST = "$(BUILT_PRODUCTS_DIR)/SwiftUI_Beginner_Full_Playlist.app/$(BUNDLE_EXECUTABLE_FOLDER_PATH)/SwiftUI_Beginner_Full_Playlist";
			};
			name = Debug;
		};
		E6877C0B2CAEF50700D1E0F6 /* Release */ = {
			isa = XCBuildConfiguration;
			buildSettings = {
				ALWAYS_EMBED_SWIFT_STANDARD_LIBRARIES = YES;
				BUNDLE_LOADER = "$(TEST_HOST)";
				CODE_SIGN_STYLE = Automatic;
				CURRENT_PROJECT_VERSION = 1;
				GENERATE_INFOPLIST_FILE = YES;
				IPHONEOS_DEPLOYMENT_TARGET = 17.5;
				MARKETING_VERSION = 1.0;
				PRODUCT_BUNDLE_IDENTIFIER = "com.carrington.SwiftUI-Beginner-Full-PlaylistTests";
				PRODUCT_NAME = "$(TARGET_NAME)";
				SWIFT_EMIT_LOC_STRINGS = NO;
				SWIFT_VERSION = 5.0;
				TARGETED_DEVICE_FAMILY = "1,2";
				TEST_HOST = "$(BUILT_PRODUCTS_DIR)/SwiftUI_Beginner_Full_Playlist.app/$(BUNDLE_EXECUTABLE_FOLDER_PATH)/SwiftUI_Beginner_Full_Playlist";
			};
			name = Release;
		};
		E6877C0D2CAEF50700D1E0F6 /* Debug */ = {
			isa = XCBuildConfiguration;
			buildSettings = {
				ALWAYS_EMBED_SWIFT_STANDARD_LIBRARIES = YES;
				CODE_SIGN_STYLE = Automatic;
				CURRENT_PROJECT_VERSION = 1;
				GENERATE_INFOPLIST_FILE = YES;
				MARKETING_VERSION = 1.0;
				PRODUCT_BUNDLE_IDENTIFIER = "com.carrington.SwiftUI-Beginner-Full-PlaylistUITests";
				PRODUCT_NAME = "$(TARGET_NAME)";
				SWIFT_EMIT_LOC_STRINGS = NO;
				SWIFT_VERSION = 5.0;
				TARGETED_DEVICE_FAMILY = "1,2";
				TEST_TARGET_NAME = SwiftUI_Beginner_Full_Playlist;
			};
			name = Debug;
		};
		E6877C0E2CAEF50700D1E0F6 /* Release */ = {
			isa = XCBuildConfiguration;
			buildSettings = {
				ALWAYS_EMBED_SWIFT_STANDARD_LIBRARIES = YES;
				CODE_SIGN_STYLE = Automatic;
				CURRENT_PROJECT_VERSION = 1;
				GENERATE_INFOPLIST_FILE = YES;
				MARKETING_VERSION = 1.0;
				PRODUCT_BUNDLE_IDENTIFIER = "com.carrington.SwiftUI-Beginner-Full-PlaylistUITests";
				PRODUCT_NAME = "$(TARGET_NAME)";
				SWIFT_EMIT_LOC_STRINGS = NO;
				SWIFT_VERSION = 5.0;
				TARGETED_DEVICE_FAMILY = "1,2";
				TEST_TARGET_NAME = SwiftUI_Beginner_Full_Playlist;
			};
			name = Release;
		};
/* End XCBuildConfiguration section */

/* Begin XCConfigurationList section */
		E6877BDD2CAEF50300D1E0F6 /* Build configuration list for PBXProject "SwiftUI_Beginner_Full_Playlist" */ = {
			isa = XCConfigurationList;
			buildConfigurations = (
				E6877C042CAEF50700D1E0F6 /* Debug */,
				E6877C052CAEF50700D1E0F6 /* Release */,
			);
			defaultConfigurationIsVisible = 0;
			defaultConfigurationName = Release;
		};
		E6877C062CAEF50700D1E0F6 /* Build configuration list for PBXNativeTarget "SwiftUI_Beginner_Full_Playlist" */ = {
			isa = XCConfigurationList;
			buildConfigurations = (
				E6877C072CAEF50700D1E0F6 /* Debug */,
				E6877C082CAEF50700D1E0F6 /* Release */,
			);
			defaultConfigurationIsVisible = 0;
			defaultConfigurationName = Release;
		};
		E6877C092CAEF50700D1E0F6 /* Build configuration list for PBXNativeTarget "SwiftUI_Beginner_Full_PlaylistTests" */ = {
			isa = XCConfigurationList;
			buildConfigurations = (
				E6877C0A2CAEF50700D1E0F6 /* Debug */,
				E6877C0B2CAEF50700D1E0F6 /* Release */,
			);
			defaultConfigurationIsVisible = 0;
			defaultConfigurationName = Release;
		};
		E6877C0C2CAEF50700D1E0F6 /* Build configuration list for PBXNativeTarget "SwiftUI_Beginner_Full_PlaylistUITests" */ = {
			isa = XCConfigurationList;
			buildConfigurations = (
				E6877C0D2CAEF50700D1E0F6 /* Debug */,
				E6877C0E2CAEF50700D1E0F6 /* Release */,
			);
			defaultConfigurationIsVisible = 0;
			defaultConfigurationName = Release;
		};
/* End XCConfigurationList section */
	};
	rootObject = E6877BDA2CAEF50300D1E0F6 /* Project object */;
}
